
Microsoft Visual Studio Solution File, Format Version 12.00
# Visual Studio Version 17
VisualStudioVersion = 17.5.33424.131
MinimumVisualStudioVersion = 10.0.40219.1
Project("{8BC9CEB8-8B4A-11D0-8D11-00A0C91BC942}") = "NumbersDelete", "NumbersDelete\NumbersDelete.vcxproj", "{07E870A5-FE70-412C-96D7-FA042F0214AA}"
EndProject
Global
	GlobalSection(SolutionConfigurationPlatforms) = preSolution
		Debug|x64 = Debug|x64
		Debug|x86 = Debug|x86
		Release|x64 = Release|x64
		Release|x86 = Release|x86
	EndGlobalSection
	GlobalSection(ProjectConfigurationPlatforms) = postSolution
		{07E870A5-FE70-412C-96D7-FA042F0214AA}.Debug|x64.ActiveCfg = Debug|x64
		{07E870A5-FE70-412C-96D7-FA042F0214AA}.Debug|x64.Build.0 = Debug|x64
		{07E870A5-FE70-412C-96D7-FA042F0214AA}.Debug|x86.ActiveCfg = Debug|Win32
		{07E870A5-FE70-412C-96D7-FA042F0214AA}.Debug|x86.Build.0 = Debug|Win32
		{07E870A5-FE70-412C-96D7-FA042F0214AA}.Release|x64.ActiveCfg = Release|x64
		{07E870A5-FE70-412C-96D7-FA042F0214AA}.Release|x64.Build.0 = Release|x64
		{07E870A5-FE70-412C-96D7-FA042F0214AA}.Release|x86.ActiveCfg = Release|Win32
		{07E870A5-FE70-412C-96D7-FA042F0214AA}.Release|x86.Build.0 = Release|Win32
	EndGlobalSection
	GlobalSection(SolutionProperties) = preSolution
		HideSolutionNode = FALSE
	EndGlobalSection
	GlobalSection(ExtensibilityGlobals) = postSolution
		SolutionGuid = {C0D806D4-FB60-433A-B250-7F0C6E975CFD}
	EndGlobalSection
EndGlobal
